<?xml version="1.0" encoding="UTF-8" standalone="yes" ?>
<CodeBlocks_project_file>
	<FileVersion major="1" minor="6" />
	<Project>
		<Option title="data_structrue" />
		<Option pch_mode="2" />
		<Option compiler="gcc" />
		<Build>
			<Target title="Debug">
				<Option output="bin/Debug/data_structrue" prefix_auto="1" extension_auto="1" />
				<Option object_output="obj/Debug/" />
				<Option type="1" />
				<Option compiler="gcc" />
				<Compiler>
					<Add option="-g" />
				</Compiler>
			</Target>
			<Target title="Release">
				<Option output="bin/Release/data_structrue" prefix_auto="1" extension_auto="1" />
				<Option object_output="obj/Release/" />
				<Option type="1" />
				<Option compiler="gcc" />
				<Compiler>
					<Add option="-O2" />
				</Compiler>
				<Linker>
					<Add option="-s" />
				</Linker>
			</Target>
		</Build>
		<Compiler>
			<Add option="-Wall" />
			<Add option="-fexceptions" />
		</Compiler>
		<Unit filename="linear/LinkList/diguiTree.cpp" />
		<Unit filename="linear/LinkList/link.cpp" />
		<Unit filename="linear/LinkList/oneTwoDimensionLink.cpp" />
		<Unit filename="linear/LinkList/twolink.cpp" />
		<Unit filename="linear/array/majority.cpp" />
		<Unit filename="linear/array/sequence.cpp" />
		<Unit filename="linear/stack/sequence_stack.cpp" />
		<Unit filename="main.cpp" />
		<Unit filename="nonlinear/graph/createAMGraph.cpp" />
		<Unit filename="nonlinear/graph/createGraph.cpp" />
		<Unit filename="nonlinear/graph/createGraph_Matrix.cpp" />
		<Unit filename="nonlinear/graph/tenLinkCreateGraph.cpp" />
		<Extensions>
			<code_completion />
			<envvars />
			<debugger />
		</Extensions>
	</Project>
</CodeBlocks_project_file>
